
Microsoft Visual Studio Solution File, Format Version 12.00
# Visual Studio Version 16
VisualStudioVersion = 16.0.32002.261
MinimumVisualStudioVersion = 10.0.40219.1
Project("{FAE04EC0-301F-11D3-BF4B-00C04F79EFBC}") = "SalesWebMvc", "SalesWebMvc\SalesWebMvc.csproj", "{13D3DEEC-8D5B-4EBB-93AC-72DC968C706B}"
EndProject
Global
	GlobalSection(SolutionConfigurationPlatforms) = preSolution
		Debug|Any CPU = Debug|Any CPU
		Release|Any CPU = Release|Any CPU
	EndGlobalSection
	GlobalSection(ProjectConfigurationPlatforms) = postSolution
		{13D3DEEC-8D5B-4EBB-93AC-72DC968C706B}.Debug|Any CPU.ActiveCfg = Debug|Any CPU
		{13D3DEEC-8D5B-4EBB-93AC-72DC968C706B}.Debug|Any CPU.Build.0 = Debug|Any CPU
		{13D3DEEC-8D5B-4EBB-93AC-72DC968C706B}.Release|Any CPU.ActiveCfg = Release|Any CPU
		{13D3DEEC-8D5B-4EBB-93AC-72DC968C706B}.Release|Any CPU.Build.0 = Release|Any CPU
	EndGlobalSection
	GlobalSection(SolutionProperties) = preSolution
		HideSolutionNode = FALSE
	EndGlobalSection
	GlobalSection(ExtensibilityGlobals) = postSolution
		SolutionGuid = {FC4FF216-136D-4192-A21F-17FC324E1C25}
	EndGlobalSection
EndGlobal
